<?xml version="1.0" encoding="utf-8"?>
<Project ToolsVersion="4.0" xmlns="http://schemas.microsoft.com/developer/msbuild/2003">
  <ItemGroup>
    <Filter Include="HeaderFiles">
      <UniqueIdentifier>{f886bc7a-f8a5-499c-877d-4ec857f50bcf}</UniqueIdentifier>
    </Filter>
    <Filter Include="SourceFiles">
      <UniqueIdentifier>{0cfeaf87-c29f-4d0c-a024-f8dc505c6a55}</UniqueIdentifier>
    </Filter>
  </ItemGroup>
  <ItemGroup>
    <ClCompile Include="Main.cpp">
      <Filter>SourceFiles</Filter>
    </ClCompile>
    <ClCompile Include="RectangleF.cpp">
      <Filter>SourceFiles</Filter>
    </ClCompile>
    <ClCompile Include="Shape.cpp">
      <Filter>SourceFiles</Filter>
    </ClCompile>
    <ClCompile Include="Game.cpp">
      <Filter>SourceFiles</Filter>
    </ClCompile>
    <ClCompile Include="FrameTimer.cpp">
      <Filter>SourceFiles</Filter>
    </ClCompile>
    <ClCompile Include="CameraManager.cpp">
      <Filter>SourceFiles</Filter>
    </ClCompile>
    <ClCompile Include="Player.cpp">
      <Filter>SourceFiles</Filter>
    </ClCompile>
    <ClCompile Include="Structures.cpp">
      <Filter>SourceFiles</Filter>
    </ClCompile>
    <ClCompile Include="Logger.cpp">
      <Filter>SourceFiles</Filter>
    </ClCompile>
    <ClCompile Include="Collideable.cpp">
      <Filter>SourceFiles</Filter>
    </ClCompile>
    <ClCompile Include="LevelGenerator.cpp">
      <Filter>SourceFiles</Filter>
    </ClCompile>
    <ClCompile Include="Agent.cpp">
      <Filter>SourceFiles</Filter>
    </ClCompile>
    <ClCompile Include="IBehavior.cpp">
      <Filter>SourceFiles</Filter>
    </ClCompile>
    <ClCompile Include="SeekBehavior.cpp">
      <Filter>SourceFiles</Filter>
    </ClCompile>
    <ClCompile Include="Damageable.cpp">
      <Filter>SourceFiles</Filter>
    </ClCompile>
    <ClCompile Include="Enemy.cpp">
      <Filter>SourceFiles</Filter>
    </ClCompile>
    <ClCompile Include="CollisionsManager.cpp">
      <Filter>SourceFiles</Filter>
    </ClCompile>
  </ItemGroup>
  <ItemGroup>
    <ClInclude Include="Shape.h">
      <Filter>HeaderFiles</Filter>
    </ClInclude>
    <ClInclude Include="RectangleF.h">
      <Filter>HeaderFiles</Filter>
    </ClInclude>
    <ClInclude Include="Game.h">
      <Filter>HeaderFiles</Filter>
    </ClInclude>
    <ClInclude Include="FrameTimer.h">
      <Filter>HeaderFiles</Filter>
    </ClInclude>
    <ClInclude Include="CameraManager.h">
      <Filter>HeaderFiles</Filter>
    </ClInclude>
    <ClInclude Include="Player.h">
      <Filter>HeaderFiles</Filter>
    </ClInclude>
    <ClInclude Include="Structures.h">
      <Filter>HeaderFiles</Filter>
    </ClInclude>
    <ClInclude Include="World.h">
      <Filter>HeaderFiles</Filter>
    </ClInclude>
    <ClInclude Include="Helpers.h">
      <Filter>HeaderFiles</Filter>
    </ClInclude>
    <ClInclude Include="Layers.h">
      <Filter>HeaderFiles</Filter>
    </ClInclude>
    <ClInclude Include="Collideable.h">
      <Filter>HeaderFiles</Filter>
    </ClInclude>
    <ClInclude Include="Logger.h">
      <Filter>HeaderFiles</Filter>
    </ClInclude>
    <ClInclude Include="LevelGenerator.h">
      <Filter>HeaderFiles</Filter>
    </ClInclude>
    <ClInclude Include="Agent.h">
      <Filter>HeaderFiles</Filter>
    </ClInclude>
    <ClInclude Include="IBehavior.h">
      <Filter>HeaderFiles</Filter>
    </ClInclude>
    <ClInclude Include="SeekBehavior.h">
      <Filter>HeaderFiles</Filter>
    </ClInclude>
    <ClInclude Include="Enemy.h">
      <Filter>HeaderFiles</Filter>
    </ClInclude>
    <ClInclude Include="Damageable.h">
      <Filter>HeaderFiles</Filter>
    </ClInclude>
    <ClInclude Include="CollisionsManager.h">
      <Filter>HeaderFiles</Filter>
    </ClInclude>
  </ItemGroup>
</Project>